
Microsoft Visual Studio Solution File, Format Version 12.00
# Visual Studio Version 17
VisualStudioVersion = 17.2.32602.215
MinimumVisualStudioVersion = 10.0.40219.1
Project("{FAE04EC0-301F-11D3-BF4B-00C04F79EFBC}") = "Cerebro", "Cerebro\Cerebro.csproj", "{49A87C19-CA28-4B24-B833-CD7F17544056}"
EndProject
Global
	GlobalSection(SolutionConfigurationPlatforms) = preSolution
		Debug|Any CPU = Debug|Any CPU
		Release|Any CPU = Release|Any CPU
	EndGlobalSection
	GlobalSection(ProjectConfigurationPlatforms) = postSolution
		{49A87C19-CA28-4B24-B833-CD7F17544056}.Debug|Any CPU.ActiveCfg = Debug|Any CPU
		{49A87C19-CA28-4B24-B833-CD7F17544056}.Debug|Any CPU.Build.0 = Debug|Any CPU
		{49A87C19-CA28-4B24-B833-CD7F17544056}.Release|Any CPU.ActiveCfg = Release|Any CPU
		{49A87C19-CA28-4B24-B833-CD7F17544056}.Release|Any CPU.Build.0 = Release|Any CPU
	EndGlobalSection
	GlobalSection(SolutionProperties) = preSolution
		HideSolutionNode = FALSE
	EndGlobalSection
	GlobalSection(ExtensibilityGlobals) = postSolution
		SolutionGuid = {A260FE8E-65D8-47FF-A8D6-74DB3AB007E5}
	EndGlobalSection
EndGlobal
